
Microsoft Visual Studio Solution File, Format Version 12.00
# Visual Studio Version 16
VisualStudioVersion = 16.0.28917.181
MinimumVisualStudioVersion = 10.0.40219.1
Project("{2150E333-8FDC-42A3-9474-1A3956D46DE8}") = "lib", "lib", "{E541A1CC-4D0D-499F-A904-A84B67388081}"
EndProject
Project("{2150E333-8FDC-42A3-9474-1A3956D46DE8}") = "test", "test", "{00AF87E3-5B25-4324-8306-141CA7A89705}"
EndProject
Project("{2150E333-8FDC-42A3-9474-1A3956D46DE8}") = "iTin.Core", "iTin.Core", "{CCC00518-5F9E-4F91-B8D9-4EC4B9BACB56}"
EndProject
Project("{2150E333-8FDC-42A3-9474-1A3956D46DE8}") = "iTin.Core.Hardware", "iTin.Core.Hardware", "{AAFA97B8-E701-4DC3-8018-468793DC83F0}"
EndProject
Project("{9A19103F-16F7-4668-BE54-9A1E7A4F7556}") = "iTin.Core.Interop", "lib\iTin.Core\iTin.Core.Interop\iTin.Core.Interop.csproj", "{9F66CAA6-9F86-4070-939F-124982D28884}"
EndProject
Project("{9A19103F-16F7-4668-BE54-9A1E7A4F7556}") = "iTin.Core", "lib\iTin.Core\iTin.Core\iTin.Core.csproj", "{B2B2DD06-80C2-4DAD-8E78-2309B69C7F36}"
EndProject
Project("{9A19103F-16F7-4668-BE54-9A1E7A4F7556}") = "iTin.Core.Hardware", "lib\iTin.Core.Hardware\iTin.Core.Hardware\iTin.Core.Hardware.csproj", "{054AD396-F7D9-4F47-8FC4-B293E701853C}"
EndProject
Project("{9A19103F-16F7-4668-BE54-9A1E7A4F7556}") = "iTin.Core.Hardware.Specification", "lib\iTin.Core.Hardware\iTin.Core.Hardware.Specification\iTin.Core.Hardware.Specification.csproj", "{6941D7A1-65C0-4603-948D-51CBAA0F6F27}"
EndProject
Project("{9A19103F-16F7-4668-BE54-9A1E7A4F7556}") = "iSMBIOS.ConsoleApp", "test\iSMBIOS.ConsoleApp\iSMBIOS.ConsoleApp.csproj", "{EDA0D983-2C63-48D9-AA83-1D3D683F4AE8}"
EndProject
Global
	GlobalSection(SolutionConfigurationPlatforms) = preSolution
		Debug|Any CPU = Debug|Any CPU
		Release|Any CPU = Release|Any CPU
	EndGlobalSection
	GlobalSection(ProjectConfigurationPlatforms) = postSolution
		{9F66CAA6-9F86-4070-939F-124982D28884}.Debug|Any CPU.ActiveCfg = Debug|Any CPU
		{9F66CAA6-9F86-4070-939F-124982D28884}.Debug|Any CPU.Build.0 = Debug|Any CPU
		{9F66CAA6-9F86-4070-939F-124982D28884}.Release|Any CPU.ActiveCfg = Release|Any CPU
		{9F66CAA6-9F86-4070-939F-124982D28884}.Release|Any CPU.Build.0 = Release|Any CPU
		{B2B2DD06-80C2-4DAD-8E78-2309B69C7F36}.Debug|Any CPU.ActiveCfg = Debug|Any CPU
		{B2B2DD06-80C2-4DAD-8E78-2309B69C7F36}.Debug|Any CPU.Build.0 = Debug|Any CPU
		{B2B2DD06-80C2-4DAD-8E78-2309B69C7F36}.Release|Any CPU.ActiveCfg = Release|Any CPU
		{B2B2DD06-80C2-4DAD-8E78-2309B69C7F36}.Release|Any CPU.Build.0 = Release|Any CPU
		{054AD396-F7D9-4F47-8FC4-B293E701853C}.Debug|Any CPU.ActiveCfg = Debug|Any CPU
		{054AD396-F7D9-4F47-8FC4-B293E701853C}.Debug|Any CPU.Build.0 = Debug|Any CPU
		{054AD396-F7D9-4F47-8FC4-B293E701853C}.Release|Any CPU.ActiveCfg = Release|Any CPU
		{054AD396-F7D9-4F47-8FC4-B293E701853C}.Release|Any CPU.Build.0 = Release|Any CPU
		{6941D7A1-65C0-4603-948D-51CBAA0F6F27}.Debug|Any CPU.ActiveCfg = Debug|Any CPU
		{6941D7A1-65C0-4603-948D-51CBAA0F6F27}.Debug|Any CPU.Build.0 = Debug|Any CPU
		{6941D7A1-65C0-4603-948D-51CBAA0F6F27}.Release|Any CPU.ActiveCfg = Release|Any CPU
		{6941D7A1-65C0-4603-948D-51CBAA0F6F27}.Release|Any CPU.Build.0 = Release|Any CPU
		{EDA0D983-2C63-48D9-AA83-1D3D683F4AE8}.Debug|Any CPU.ActiveCfg = Debug|Any CPU
		{EDA0D983-2C63-48D9-AA83-1D3D683F4AE8}.Debug|Any CPU.Build.0 = Debug|Any CPU
		{EDA0D983-2C63-48D9-AA83-1D3D683F4AE8}.Release|Any CPU.ActiveCfg = Release|Any CPU
		{EDA0D983-2C63-48D9-AA83-1D3D683F4AE8}.Release|Any CPU.Build.0 = Release|Any CPU
	EndGlobalSection
	GlobalSection(SolutionProperties) = preSolution
		HideSolutionNode = FALSE
	EndGlobalSection
	GlobalSection(NestedProjects) = preSolution
		{CCC00518-5F9E-4F91-B8D9-4EC4B9BACB56} = {E541A1CC-4D0D-499F-A904-A84B67388081}
		{AAFA97B8-E701-4DC3-8018-468793DC83F0} = {E541A1CC-4D0D-499F-A904-A84B67388081}
		{9F66CAA6-9F86-4070-939F-124982D28884} = {CCC00518-5F9E-4F91-B8D9-4EC4B9BACB56}
		{B2B2DD06-80C2-4DAD-8E78-2309B69C7F36} = {CCC00518-5F9E-4F91-B8D9-4EC4B9BACB56}
		{054AD396-F7D9-4F47-8FC4-B293E701853C} = {AAFA97B8-E701-4DC3-8018-468793DC83F0}
		{6941D7A1-65C0-4603-948D-51CBAA0F6F27} = {AAFA97B8-E701-4DC3-8018-468793DC83F0}
		{EDA0D983-2C63-48D9-AA83-1D3D683F4AE8} = {00AF87E3-5B25-4324-8306-141CA7A89705}
	EndGlobalSection
	GlobalSection(ExtensibilityGlobals) = postSolution
		SolutionGuid = {E893C891-C1F0-4E19-937F-5AD6B910561B}
	EndGlobalSection
EndGlobal
